
Microsoft Visual Studio Solution File, Format Version 12.00
# Visual Studio Version 17
VisualStudioVersion = 17.14.36408.4 d17.14
MinimumVisualStudioVersion = 10.0.40219.1
Project("{FAE04EC0-301F-11D3-BF4B-00C04F79EFBC}") = "POO.Concepts.Core", "POO.Concepts.Core\POO.Concepts.Core.csproj", "{C480E625-29A0-4FC3-ADC6-140BCD60461B}"
EndProject
Project("{FAE04EC0-301F-11D3-BF4B-00C04F79EFBC}") = "POO.Concepts.Console", "POO.Concepts.Console\POO.Concepts.Console.csproj", "{4F58B5CD-4076-4564-BFF8-32F13DCDDDAA}"
EndProject
Global
	GlobalSection(SolutionConfigurationPlatforms) = preSolution
		Debug|Any CPU = Debug|Any CPU
		Release|Any CPU = Release|Any CPU
	EndGlobalSection
	GlobalSection(ProjectConfigurationPlatforms) = postSolution
		{C480E625-29A0-4FC3-ADC6-140BCD60461B}.Debug|Any CPU.ActiveCfg = Debug|Any CPU
		{C480E625-29A0-4FC3-ADC6-140BCD60461B}.Debug|Any CPU.Build.0 = Debug|Any CPU
		{C480E625-29A0-4FC3-ADC6-140BCD60461B}.Release|Any CPU.ActiveCfg = Release|Any CPU
		{C480E625-29A0-4FC3-ADC6-140BCD60461B}.Release|Any CPU.Build.0 = Release|Any CPU
		{4F58B5CD-4076-4564-BFF8-32F13DCDDDAA}.Debug|Any CPU.ActiveCfg = Debug|Any CPU
		{4F58B5CD-4076-4564-BFF8-32F13DCDDDAA}.Debug|Any CPU.Build.0 = Debug|Any CPU
		{4F58B5CD-4076-4564-BFF8-32F13DCDDDAA}.Release|Any CPU.ActiveCfg = Release|Any CPU
		{4F58B5CD-4076-4564-BFF8-32F13DCDDDAA}.Release|Any CPU.Build.0 = Release|Any CPU
	EndGlobalSection
	GlobalSection(SolutionProperties) = preSolution
		HideSolutionNode = FALSE
	EndGlobalSection
	GlobalSection(ExtensibilityGlobals) = postSolution
		SolutionGuid = {D832E32F-4C81-4560-AA3F-00D11AA5703B}
	EndGlobalSection
EndGlobal
